// !$*UTF8*$!
{
	archiveVersion = 1;
	classes = {
	};
	objectVersion = 45;
	objects = {

/* Begin PBXBuildFile section */
		1D10D83E135794C5007FD81E /* SBJsonWriter.m in Sources */ = {isa = PBXBuildFile; fileRef = 1D10D82C135794C5007FD81E /* SBJsonWriter.m */; };
		1D10D83F135794C5007FD81E /* SBJsonTokeniser.m in Sources */ = {isa = PBXBuildFile; fileRef = 1D10D82E135794C5007FD81E /* SBJsonTokeniser.m */; };
		1D10D840135794C5007FD81E /* SBJsonStreamWriterState.m in Sources */ = {isa = PBXBuildFile; fileRef = 1D10D830135794C5007FD81E /* SBJsonStreamWriterState.m */; };
		1D10D841135794C5007FD81E /* SBJsonStreamWriter.m in Sources */ = {isa = PBXBuildFile; fileRef = 1D10D832135794C5007FD81E /* SBJsonStreamWriter.m */; };
		1D10D842135794C5007FD81E /* SBJsonStreamParserState.m in Sources */ = {isa = PBXBuildFile; fileRef = 1D10D834135794C5007FD81E /* SBJsonStreamParserState.m */; };
		1D10D843135794C5007FD81E /* SBJsonStreamParserAdapter.m in Sources */ = {isa = PBXBuildFile; fileRef = 1D10D836135794C5007FD81E /* SBJsonStreamParserAdapter.m */; };
		1D10D844135794C5007FD81E /* SBJsonStreamParser.m in Sources */ = {isa = PBXBuildFile; fileRef = 1D10D838135794C5007FD81E /* SBJsonStreamParser.m */; };
		1D10D845135794C5007FD81E /* SBJsonParser.m in Sources */ = {isa = PBXBuildFile; fileRef = 1D10D83A135794C5007FD81E /* SBJsonParser.m */; };
		1D10D846135794C5007FD81E /* NSObject+JSON.m in Sources */ = {isa = PBXBuildFile; fileRef = 1D10D83C135794C5007FD81E /* NSObject+JSON.m */; };
		1D3623260D0F684500981E51 /* GotanPhoneAppDelegate.m in Sources */ = {isa = PBXBuildFile; fileRef = 1D3623250D0F684500981E51 /* GotanPhoneAppDelegate.m */; };
		1D4D4A6F134E644800813672 /* TableView.m in Sources */ = {isa = PBXBuildFile; fileRef = 1D4D4A6D134E644800813672 /* TableView.m */; };
		1D4D4A70134E644800813672 /* TableView.xib in Resources */ = {isa = PBXBuildFile; fileRef = 1D4D4A6E134E644800813672 /* TableView.xib */; };
		1D60589B0D05DD56006BFB54 /* main.m in Sources */ = {isa = PBXBuildFile; fileRef = 29B97316FDCFA39411CA2CEA /* main.m */; };
		1D60589F0D05DD5A006BFB54 /* Foundation.framework in Frameworks */ = {isa = PBXBuildFile; fileRef = 1D30AB110D05D00D00671497 /* Foundation.framework */; };
		1DF184F6134D040900A3A8F3 /* ThirdView.xib in Resources */ = {isa = PBXBuildFile; fileRef = 1DF184F5134D040900A3A8F3 /* ThirdView.xib */; };
		1DF18510134D09F400A3A8F3 /* GotanDomain.m in Sources */ = {isa = PBXBuildFile; fileRef = 1DF1850E134D09F400A3A8F3 /* GotanDomain.m */; };
		1DF18511134D09F400A3A8F3 /* GotanDomain.xib in Resources */ = {isa = PBXBuildFile; fileRef = 1DF1850F134D09F400A3A8F3 /* GotanDomain.xib */; };
		1DF5F4E00D08C38300B7A737 /* UIKit.framework in Frameworks */ = {isa = PBXBuildFile; fileRef = 1DF5F4DF0D08C38300B7A737 /* UIKit.framework */; };
		28216C970DB411BC00E5133A /* FirstViewController.m in Sources */ = {isa = PBXBuildFile; fileRef = 28216C960DB411BC00E5133A /* FirstViewController.m */; };
		282CCBFE0DB6C98000C4EA27 /* SecondView.xib in Resources */ = {isa = PBXBuildFile; fileRef = 282CCBFD0DB6C98000C4EA27 /* SecondView.xib */; };
		2840D7CE1179279E00D7F93C /* FirstView.xib in Resources */ = {isa = PBXBuildFile; fileRef = 2840D7CD1179279E00D7F93C /* FirstView.xib */; };
		288765080DF74369002DB57D /* CoreGraphics.framework in Frameworks */ = {isa = PBXBuildFile; fileRef = 288765070DF74369002DB57D /* CoreGraphics.framework */; };
		28AD73880D9D96C1002E5188 /* MainWindow.xib in Resources */ = {isa = PBXBuildFile; fileRef = 28AD73870D9D96C1002E5188 /* MainWindow.xib */; };
/* End PBXBuildFile section */

/* Begin PBXFileReference section */
		1D10D82B135794C5007FD81E /* JSON.h */ = {isa = PBXFileReference; fileEncoding = 4; lastKnownFileType = sourcecode.c.h; path = JSON.h; sourceTree = "<group>"; };
		1D10D82C135794C5007FD81E /* SBJsonWriter.m */ = {isa = PBXFileReference; fileEncoding = 4; lastKnownFileType = sourcecode.c.objc; path = SBJsonWriter.m; sourceTree = "<group>"; };
		1D10D82D135794C5007FD81E /* SBJsonWriter.h */ = {isa = PBXFileReference; fileEncoding = 4; lastKnownFileType = sourcecode.c.h; path = SBJsonWriter.h; sourceTree = "<group>"; };
		1D10D82E135794C5007FD81E /* SBJsonTokeniser.m */ = {isa = PBXFileReference; fileEncoding = 4; lastKnownFileType = sourcecode.c.objc; path = SBJsonTokeniser.m; sourceTree = "<group>"; };
		1D10D82F135794C5007FD81E /* SBJsonTokeniser.h */ = {isa = PBXFileReference; fileEncoding = 4; lastKnownFileType = sourcecode.c.h; path = SBJsonTokeniser.h; sourceTree = "<group>"; };
		1D10D830135794C5007FD81E /* SBJsonStreamWriterState.m */ = {isa = PBXFileReference; fileEncoding = 4; lastKnownFileType = sourcecode.c.objc; path = SBJsonStreamWriterState.m; sourceTree = "<group>"; };
		1D10D831135794C5007FD81E /* SBJsonStreamWriterState.h */ = {isa = PBXFileReference; fileEncoding = 4; lastKnownFileType = sourcecode.c.h; path = SBJsonStreamWriterState.h; sourceTree = "<group>"; };
		1D10D832135794C5007FD81E /* SBJsonStreamWriter.m */ = {isa = PBXFileReference; fileEncoding = 4; lastKnownFileType = sourcecode.c.objc; path = SBJsonStreamWriter.m; sourceTree = "<group>"; };
		1D10D833135794C5007FD81E /* SBJsonStreamWriter.h */ = {isa = PBXFileReference; fileEncoding = 4; lastKnownFileType = sourcecode.c.h; path = SBJsonStreamWriter.h; sourceTree = "<group>"; };
		1D10D834135794C5007FD81E /* SBJsonStreamParserState.m */ = {isa = PBXFileReference; fileEncoding = 4; lastKnownFileType = sourcecode.c.objc; path = SBJsonStreamParserState.m; sourceTree = "<group>"; };
		1D10D835135794C5007FD81E /* SBJsonStreamParserState.h */ = {isa = PBXFileReference; fileEncoding = 4; lastKnownFileType = sourcecode.c.h; path = SBJsonStreamParserState.h; sourceTree = "<group>"; };
		1D10D836135794C5007FD81E /* SBJsonStreamParserAdapter.m */ = {isa = PBXFileReference; fileEncoding = 4; lastKnownFileType = sourcecode.c.objc; path = SBJsonStreamParserAdapter.m; sourceTree = "<group>"; };
		1D10D837135794C5007FD81E /* SBJsonStreamParserAdapter.h */ = {isa = PBXFileReference; fileEncoding = 4; lastKnownFileType = sourcecode.c.h; path = SBJsonStreamParserAdapter.h; sourceTree = "<group>"; };
		1D10D838135794C5007FD81E /* SBJsonStreamParser.m */ = {isa = PBXFileReference; fileEncoding = 4; lastKnownFileType = sourcecode.c.objc; path = SBJsonStreamParser.m; sourceTree = "<group>"; };
		1D10D839135794C5007FD81E /* SBJsonStreamParser.h */ = {isa = PBXFileReference; fileEncoding = 4; lastKnownFileType = sourcecode.c.h; path = SBJsonStreamParser.h; sourceTree = "<group>"; };
		1D10D83A135794C5007FD81E /* SBJsonParser.m */ = {isa = PBXFileReference; fileEncoding = 4; lastKnownFileType = sourcecode.c.objc; path = SBJsonParser.m; sourceTree = "<group>"; };
		1D10D83B135794C5007FD81E /* SBJsonParser.h */ = {isa = PBXFileReference; fileEncoding = 4; lastKnownFileType = sourcecode.c.h; path = SBJsonParser.h; sourceTree = "<group>"; };
		1D10D83C135794C5007FD81E /* NSObject+JSON.m */ = {isa = PBXFileReference; fileEncoding = 4; lastKnownFileType = sourcecode.c.objc; path = "NSObject+JSON.m"; sourceTree = "<group>"; };
		1D10D83D135794C5007FD81E /* NSObject+JSON.h */ = {isa = PBXFileReference; fileEncoding = 4; lastKnownFileType = sourcecode.c.h; path = "NSObject+JSON.h"; sourceTree = "<group>"; };
		1D30AB110D05D00D00671497 /* Foundation.framework */ = {isa = PBXFileReference; lastKnownFileType = wrapper.framework; name = Foundation.framework; path = System/Library/Frameworks/Foundation.framework; sourceTree = SDKROOT; };
		1D3623240D0F684500981E51 /* GotanPhoneAppDelegate.h */ = {isa = PBXFileReference; fileEncoding = 4; lastKnownFileType = sourcecode.c.h; path = GotanPhoneAppDelegate.h; sourceTree = "<group>"; };
		1D3623250D0F684500981E51 /* GotanPhoneAppDelegate.m */ = {isa = PBXFileReference; fileEncoding = 4; lastKnownFileType = sourcecode.c.objc; path = GotanPhoneAppDelegate.m; sourceTree = "<group>"; };
		1D4D4A6C134E644800813672 /* TableView.h */ = {isa = PBXFileReference; fileEncoding = 4; lastKnownFileType = sourcecode.c.h; path = TableView.h; sourceTree = "<group>"; };
		1D4D4A6D134E644800813672 /* TableView.m */ = {isa = PBXFileReference; fileEncoding = 4; lastKnownFileType = sourcecode.c.objc; path = TableView.m; sourceTree = "<group>"; };
		1D4D4A6E134E644800813672 /* TableView.xib */ = {isa = PBXFileReference; lastKnownFileType = file.xib; path = TableView.xib; sourceTree = "<group>"; };
		1D6058910D05DD3D006BFB54 /* GotanPhone.app */ = {isa = PBXFileReference; explicitFileType = wrapper.application; includeInIndex = 0; path = GotanPhone.app; sourceTree = BUILT_PRODUCTS_DIR; };
		1DF184F5134D040900A3A8F3 /* ThirdView.xib */ = {isa = PBXFileReference; lastKnownFileType = file.xib; path = ThirdView.xib; sourceTree = "<group>"; };
		1DF1850D134D09F400A3A8F3 /* GotanDomain.h */ = {isa = PBXFileReference; fileEncoding = 4; lastKnownFileType = sourcecode.c.h; path = GotanDomain.h; sourceTree = "<group>"; };
		1DF1850E134D09F400A3A8F3 /* GotanDomain.m */ = {isa = PBXFileReference; fileEncoding = 4; lastKnownFileType = sourcecode.c.objc; path = GotanDomain.m; sourceTree = "<group>"; };
		1DF1850F134D09F400A3A8F3 /* GotanDomain.xib */ = {isa = PBXFileReference; lastKnownFileType = file.xib; name = GotanDomain.xib; path = Classes/GotanDomain.xib; sourceTree = "<group>"; };
		1DF5F4DF0D08C38300B7A737 /* UIKit.framework */ = {isa = PBXFileReference; lastKnownFileType = wrapper.framework; name = UIKit.framework; path = System/Library/Frameworks/UIKit.framework; sourceTree = SDKROOT; };
		28216C950DB411BC00E5133A /* FirstViewController.h */ = {isa = PBXFileReference; fileEncoding = 4; lastKnownFileType = sourcecode.c.h; path = FirstViewController.h; sourceTree = "<group>"; };
		28216C960DB411BC00E5133A /* FirstViewController.m */ = {isa = PBXFileReference; fileEncoding = 4; lastKnownFileType = sourcecode.c.objc; path = FirstViewController.m; sourceTree = "<group>"; };
		282CCBFD0DB6C98000C4EA27 /* SecondView.xib */ = {isa = PBXFileReference; lastKnownFileType = file.xib; path = SecondView.xib; sourceTree = "<group>"; };
		2840D7CD1179279E00D7F93C /* FirstView.xib */ = {isa = PBXFileReference; lastKnownFileType = file.xib; path = FirstView.xib; sourceTree = "<group>"; };
		288765070DF74369002DB57D /* CoreGraphics.framework */ = {isa = PBXFileReference; lastKnownFileType = wrapper.framework; name = CoreGraphics.framework; path = System/Library/Frameworks/CoreGraphics.framework; sourceTree = SDKROOT; };
		28A0AB4B0D9B1048005BE974 /* GotanPhone_Prefix.pch */ = {isa = PBXFileReference; fileEncoding = 4; lastKnownFileType = sourcecode.c.h; path = GotanPhone_Prefix.pch; sourceTree = "<group>"; };
		28AD73870D9D96C1002E5188 /* MainWindow.xib */ = {isa = PBXFileReference; lastKnownFileType = file.xib; path = MainWindow.xib; sourceTree = "<group>"; };
		29B97316FDCFA39411CA2CEA /* main.m */ = {isa = PBXFileReference; fileEncoding = 4; lastKnownFileType = sourcecode.c.objc; path = main.m; sourceTree = "<group>"; };
		8D1107310486CEB800E47090 /* GotanPhone-Info.plist */ = {isa = PBXFileReference; fileEncoding = 4; lastKnownFileType = text.plist.xml; path = "GotanPhone-Info.plist"; plistStructureDefinitionIdentifier = "com.apple.xcode.plist.structure-definition.iphone.info-plist"; sourceTree = "<group>"; };
/* End PBXFileReference section */

/* Begin PBXFrameworksBuildPhase section */
		1D60588F0D05DD3D006BFB54 /* Frameworks */ = {
			isa = PBXFrameworksBuildPhase;
			buildActionMask = 2147483647;
			files = (
				1D60589F0D05DD5A006BFB54 /* Foundation.framework in Frameworks */,
				1DF5F4E00D08C38300B7A737 /* UIKit.framework in Frameworks */,
				288765080DF74369002DB57D /* CoreGraphics.framework in Frameworks */,
			);
			runOnlyForDeploymentPostprocessing = 0;
		};
/* End PBXFrameworksBuildPhase section */

/* Begin PBXGroup section */
		080E96DDFE201D6D7F000001 /* Classes */ = {
			isa = PBXGroup;
			children = (
				1D10D847135794CD007FD81E /* JSON */,
				1D10D83C135794C5007FD81E /* NSObject+JSON.m */,
				1D10D83D135794C5007FD81E /* NSObject+JSON.h */,
				28216C950DB411BC00E5133A /* FirstViewController.h */,
				28216C960DB411BC00E5133A /* FirstViewController.m */,
				1D3623240D0F684500981E51 /* GotanPhoneAppDelegate.h */,
				1D3623250D0F684500981E51 /* GotanPhoneAppDelegate.m */,
				1DF1850D134D09F400A3A8F3 /* GotanDomain.h */,
				1DF1850E134D09F400A3A8F3 /* GotanDomain.m */,
				1D4D4A6C134E644800813672 /* TableView.h */,
				1D4D4A6D134E644800813672 /* TableView.m */,
				1D4D4A6E134E644800813672 /* TableView.xib */,
			);
			path = Classes;
			sourceTree = "<group>";
		};
		19C28FACFE9D520D11CA2CBB /* Products */ = {
			isa = PBXGroup;
			children = (
				1D6058910D05DD3D006BFB54 /* GotanPhone.app */,
			);
			name = Products;
			sourceTree = "<group>";
		};
		1D10D847135794CD007FD81E /* JSON */ = {
			isa = PBXGroup;
			children = (
				1D10D82B135794C5007FD81E /* JSON.h */,
				1D10D82C135794C5007FD81E /* SBJsonWriter.m */,
				1D10D82D135794C5007FD81E /* SBJsonWriter.h */,
				1D10D82E135794C5007FD81E /* SBJsonTokeniser.m */,
				1D10D82F135794C5007FD81E /* SBJsonTokeniser.h */,
				1D10D830135794C5007FD81E /* SBJsonStreamWriterState.m */,
				1D10D831135794C5007FD81E /* SBJsonStreamWriterState.h */,
				1D10D832135794C5007FD81E /* SBJsonStreamWriter.m */,
				1D10D833135794C5007FD81E /* SBJsonStreamWriter.h */,
				1D10D834135794C5007FD81E /* SBJsonStreamParserState.m */,
				1D10D835135794C5007FD81E /* SBJsonStreamParserState.h */,
				1D10D836135794C5007FD81E /* SBJsonStreamParserAdapter.m */,
				1D10D837135794C5007FD81E /* SBJsonStreamParserAdapter.h */,
				1D10D838135794C5007FD81E /* SBJsonStreamParser.m */,
				1D10D839135794C5007FD81E /* SBJsonStreamParser.h */,
				1D10D83A135794C5007FD81E /* SBJsonParser.m */,
				1D10D83B135794C5007FD81E /* SBJsonParser.h */,
			);
			name = JSON;
			sourceTree = "<group>";
		};
		29B97314FDCFA39411CA2CEA /* GotanPhone */ = {
			isa = PBXGroup;
			children = (
				080E96DDFE201D6D7F000001 /* Classes */,
				29B97315FDCFA39411CA2CEA /* Other Sources */,
				29B97317FDCFA39411CA2CEA /* Resources */,
				29B97323FDCFA39411CA2CEA /* Frameworks */,
				19C28FACFE9D520D11CA2CBB /* Products */,
			);
			name = GotanPhone;
			sourceTree = "<group>";
		};
		29B97315FDCFA39411CA2CEA /* Other Sources */ = {
			isa = PBXGroup;
			children = (
				28A0AB4B0D9B1048005BE974 /* GotanPhone_Prefix.pch */,
				29B97316FDCFA39411CA2CEA /* main.m */,
			);
			name = "Other Sources";
			sourceTree = "<group>";
		};
		29B97317FDCFA39411CA2CEA /* Resources */ = {
			isa = PBXGroup;
			children = (
				1DF1850F134D09F400A3A8F3 /* GotanDomain.xib */,
				2840D7CD1179279E00D7F93C /* FirstView.xib */,
				282CCBFD0DB6C98000C4EA27 /* SecondView.xib */,
				28AD73870D9D96C1002E5188 /* MainWindow.xib */,
				8D1107310486CEB800E47090 /* GotanPhone-Info.plist */,
				1DF184F5134D040900A3A8F3 /* ThirdView.xib */,
			);
			name = Resources;
			sourceTree = "<group>";
		};
		29B97323FDCFA39411CA2CEA /* Frameworks */ = {
			isa = PBXGroup;
			children = (
				1DF5F4DF0D08C38300B7A737 /* UIKit.framework */,
				1D30AB110D05D00D00671497 /* Foundation.framework */,
				288765070DF74369002DB57D /* CoreGraphics.framework */,
			);
			name = Frameworks;
			sourceTree = "<group>";
		};
/* End PBXGroup section */

/* Begin PBXNativeTarget section */
		1D6058900D05DD3D006BFB54 /* GotanPhone */ = {
			isa = PBXNativeTarget;
			buildConfigurationList = 1D6058960D05DD3E006BFB54 /* Build configuration list for PBXNativeTarget "GotanPhone" */;
			buildPhases = (
				1D60588D0D05DD3D006BFB54 /* Resources */,
				1D60588E0D05DD3D006BFB54 /* Sources */,
				1D60588F0D05DD3D006BFB54 /* Frameworks */,
			);
			buildRules = (
			);
			dependencies = (
			);
			name = GotanPhone;
			productName = GotanPhone;
			productReference = 1D6058910D05DD3D006BFB54 /* GotanPhone.app */;
			productType = "com.apple.product-type.application";
		};
/* End PBXNativeTarget section */

/* Begin PBXProject section */
		29B97313FDCFA39411CA2CEA /* Project object */ = {
			isa = PBXProject;
			buildConfigurationList = C01FCF4E08A954540054247B /* Build configuration list for PBXProject "GotanPhone" */;
			compatibilityVersion = "Xcode 3.1";
			developmentRegion = English;
			hasScannedForEncodings = 1;
			knownRegions = (
				English,
				Japanese,
				French,
				German,
			);
			mainGroup = 29B97314FDCFA39411CA2CEA /* GotanPhone */;
			projectDirPath = "";
			projectRoot = "";
			targets = (
				1D6058900D05DD3D006BFB54 /* GotanPhone */,
			);
		};
/* End PBXProject section */

/* Begin PBXResourcesBuildPhase section */
		1D60588D0D05DD3D006BFB54 /* Resources */ = {
			isa = PBXResourcesBuildPhase;
			buildActionMask = 2147483647;
			files = (
				28AD73880D9D96C1002E5188 /* MainWindow.xib in Resources */,
				282CCBFE0DB6C98000C4EA27 /* SecondView.xib in Resources */,
				2840D7CE1179279E00D7F93C /* FirstView.xib in Resources */,
				1DF184F6134D040900A3A8F3 /* ThirdView.xib in Resources */,
				1DF18511134D09F400A3A8F3 /* GotanDomain.xib in Resources */,
				1D4D4A70134E644800813672 /* TableView.xib in Resources */,
			);
			runOnlyForDeploymentPostprocessing = 0;
		};
/* End PBXResourcesBuildPhase section */

/* Begin PBXSourcesBuildPhase section */
		1D60588E0D05DD3D006BFB54 /* Sources */ = {
			isa = PBXSourcesBuildPhase;
			buildActionMask = 2147483647;
			files = (
				1D60589B0D05DD56006BFB54 /* main.m in Sources */,
				1D3623260D0F684500981E51 /* GotanPhoneAppDelegate.m in Sources */,
				28216C970DB411BC00E5133A /* FirstViewController.m in Sources */,
				1DF18510134D09F400A3A8F3 /* GotanDomain.m in Sources */,
				1D4D4A6F134E644800813672 /* TableView.m in Sources */,
				1D10D83E135794C5007FD81E /* SBJsonWriter.m in Sources */,
				1D10D83F135794C5007FD81E /* SBJsonTokeniser.m in Sources */,
				1D10D840135794C5007FD81E /* SBJsonStreamWriterState.m in Sources */,
				1D10D841135794C5007FD81E /* SBJsonStreamWriter.m in Sources */,
				1D10D842135794C5007FD81E /* SBJsonStreamParserState.m in Sources */,
				1D10D843135794C5007FD81E /* SBJsonStreamParserAdapter.m in Sources */,
				1D10D844135794C5007FD81E /* SBJsonStreamParser.m in Sources */,
				1D10D845135794C5007FD81E /* SBJsonParser.m in Sources */,
				1D10D846135794C5007FD81E /* NSObject+JSON.m in Sources */,
			);
			runOnlyForDeploymentPostprocessing = 0;
		};
/* End PBXSourcesBuildPhase section */

/* Begin XCBuildConfiguration section */
		1D6058940D05DD3E006BFB54 /* Debug */ = {
			isa = XCBuildConfiguration;
			buildSettings = {
				ALWAYS_SEARCH_USER_PATHS = NO;
				COPY_PHASE_STRIP = NO;
				GCC_DYNAMIC_NO_PIC = NO;
				GCC_OPTIMIZATION_LEVEL = 0;
				GCC_PRECOMPILE_PREFIX_HEADER = YES;
				GCC_PREFIX_HEADER = GotanPhone_Prefix.pch;
				INFOPLIST_FILE = "GotanPhone-Info.plist";
				PRODUCT_NAME = GotanPhone;
			};
			name = Debug;
		};
		1D6058950D05DD3E006BFB54 /* Release */ = {
			isa = XCBuildConfiguration;
			buildSettings = {
				ALWAYS_SEARCH_USER_PATHS = NO;
				COPY_PHASE_STRIP = YES;
				GCC_PRECOMPILE_PREFIX_HEADER = YES;
				GCC_PREFIX_HEADER = GotanPhone_Prefix.pch;
				INFOPLIST_FILE = "GotanPhone-Info.plist";
				PRODUCT_NAME = GotanPhone;
				VALIDATE_PRODUCT = YES;
			};
			name = Release;
		};
		C01FCF4F08A954540054247B /* Debug */ = {
			isa = XCBuildConfiguration;
			buildSettings = {
				ARCHS = "$(ARCHS_STANDARD_32_BIT)";
				"CODE_SIGN_IDENTITY[sdk=iphoneos*]" = "iPhone Developer";
				GCC_C_LANGUAGE_STANDARD = c99;
				GCC_WARN_ABOUT_RETURN_TYPE = YES;
				GCC_WARN_UNUSED_VARIABLE = YES;
				PREBINDING = NO;
				SDKROOT = iphoneos4.1;
			};
			name = Debug;
		};
		C01FCF5008A954540054247B /* Release */ = {
			isa = XCBuildConfiguration;
			buildSettings = {
				ARCHS = "$(ARCHS_STANDARD_32_BIT)";
				"CODE_SIGN_IDENTITY[sdk=iphoneos*]" = "iPhone Developer";
				GCC_C_LANGUAGE_STANDARD = c99;
				GCC_WARN_ABOUT_RETURN_TYPE = YES;
				GCC_WARN_UNUSED_VARIABLE = YES;
				OTHER_CFLAGS = "-DNS_BLOCK_ASSERTIONS=1";
				PREBINDING = NO;
				SDKROOT = iphoneos4.1;
			};
			name = Release;
		};
/* End XCBuildConfiguration section */

/* Begin XCConfigurationList section */
		1D6058960D05DD3E006BFB54 /* Build configuration list for PBXNativeTarget "GotanPhone" */ = {
			isa = XCConfigurationList;
			buildConfigurations = (
				1D6058940D05DD3E006BFB54 /* Debug */,
				1D6058950D05DD3E006BFB54 /* Release */,
			);
			defaultConfigurationIsVisible = 0;
			defaultConfigurationName = Release;
		};
		C01FCF4E08A954540054247B /* Build configuration list for PBXProject "GotanPhone" */ = {
			isa = XCConfigurationList;
			buildConfigurations = (
				C01FCF4F08A954540054247B /* Debug */,
				C01FCF5008A954540054247B /* Release */,
			);
			defaultConfigurationIsVisible = 0;
			defaultConfigurationName = Release;
		};
/* End XCConfigurationList section */
	};
	rootObject = 29B97313FDCFA39411CA2CEA /* Project object */;
}
